
Microsoft Visual Studio Solution File, Format Version 12.00
# Visual Studio 15
VisualStudioVersion = 15.0.26124.0
MinimumVisualStudioVersion = 15.0.26124.0
Project("{FAE04EC0-301F-11D3-BF4B-00C04F79EFBC}") = "Domain", "Domain\Domain.csproj", "{3478808C-5929-4016-885F-FEE9BB03B940}"
EndProject
Project("{FAE04EC0-301F-11D3-BF4B-00C04F79EFBC}") = "Application", "Application\Application.csproj", "{04D2E4F2-22A2-4E43-8489-B6FCF732905A}"
EndProject
Project("{FAE04EC0-301F-11D3-BF4B-00C04F79EFBC}") = "Persistences", "Persistences\Persistences.csproj", "{3212755A-5D15-4F91-B205-C13963B02CC3}"
EndProject
Project("{FAE04EC0-301F-11D3-BF4B-00C04F79EFBC}") = "API", "API\API.csproj", "{D5189AA4-C816-4660-AC17-CE52B21241CC}"
EndProject
Global
	GlobalSection(SolutionConfigurationPlatforms) = preSolution
		Debug|Any CPU = Debug|Any CPU
		Debug|x64 = Debug|x64
		Debug|x86 = Debug|x86
		Release|Any CPU = Release|Any CPU
		Release|x64 = Release|x64
		Release|x86 = Release|x86
	EndGlobalSection
	GlobalSection(SolutionProperties) = preSolution
		HideSolutionNode = FALSE
	EndGlobalSection
	GlobalSection(ProjectConfigurationPlatforms) = postSolution
		{3478808C-5929-4016-885F-FEE9BB03B940}.Debug|Any CPU.ActiveCfg = Debug|Any CPU
		{3478808C-5929-4016-885F-FEE9BB03B940}.Debug|Any CPU.Build.0 = Debug|Any CPU
		{3478808C-5929-4016-885F-FEE9BB03B940}.Debug|x64.ActiveCfg = Debug|Any CPU
		{3478808C-5929-4016-885F-FEE9BB03B940}.Debug|x64.Build.0 = Debug|Any CPU
		{3478808C-5929-4016-885F-FEE9BB03B940}.Debug|x86.ActiveCfg = Debug|Any CPU
		{3478808C-5929-4016-885F-FEE9BB03B940}.Debug|x86.Build.0 = Debug|Any CPU
		{3478808C-5929-4016-885F-FEE9BB03B940}.Release|Any CPU.ActiveCfg = Release|Any CPU
		{3478808C-5929-4016-885F-FEE9BB03B940}.Release|Any CPU.Build.0 = Release|Any CPU
		{3478808C-5929-4016-885F-FEE9BB03B940}.Release|x64.ActiveCfg = Release|Any CPU
		{3478808C-5929-4016-885F-FEE9BB03B940}.Release|x64.Build.0 = Release|Any CPU
		{3478808C-5929-4016-885F-FEE9BB03B940}.Release|x86.ActiveCfg = Release|Any CPU
		{3478808C-5929-4016-885F-FEE9BB03B940}.Release|x86.Build.0 = Release|Any CPU
		{04D2E4F2-22A2-4E43-8489-B6FCF732905A}.Debug|Any CPU.ActiveCfg = Debug|Any CPU
		{04D2E4F2-22A2-4E43-8489-B6FCF732905A}.Debug|Any CPU.Build.0 = Debug|Any CPU
		{04D2E4F2-22A2-4E43-8489-B6FCF732905A}.Debug|x64.ActiveCfg = Debug|Any CPU
		{04D2E4F2-22A2-4E43-8489-B6FCF732905A}.Debug|x64.Build.0 = Debug|Any CPU
		{04D2E4F2-22A2-4E43-8489-B6FCF732905A}.Debug|x86.ActiveCfg = Debug|Any CPU
		{04D2E4F2-22A2-4E43-8489-B6FCF732905A}.Debug|x86.Build.0 = Debug|Any CPU
		{04D2E4F2-22A2-4E43-8489-B6FCF732905A}.Release|Any CPU.ActiveCfg = Release|Any CPU
		{04D2E4F2-22A2-4E43-8489-B6FCF732905A}.Release|Any CPU.Build.0 = Release|Any CPU
		{04D2E4F2-22A2-4E43-8489-B6FCF732905A}.Release|x64.ActiveCfg = Release|Any CPU
		{04D2E4F2-22A2-4E43-8489-B6FCF732905A}.Release|x64.Build.0 = Release|Any CPU
		{04D2E4F2-22A2-4E43-8489-B6FCF732905A}.Release|x86.ActiveCfg = Release|Any CPU
		{04D2E4F2-22A2-4E43-8489-B6FCF732905A}.Release|x86.Build.0 = Release|Any CPU
		{3212755A-5D15-4F91-B205-C13963B02CC3}.Debug|Any CPU.ActiveCfg = Debug|Any CPU
		{3212755A-5D15-4F91-B205-C13963B02CC3}.Debug|Any CPU.Build.0 = Debug|Any CPU
		{3212755A-5D15-4F91-B205-C13963B02CC3}.Debug|x64.ActiveCfg = Debug|Any CPU
		{3212755A-5D15-4F91-B205-C13963B02CC3}.Debug|x64.Build.0 = Debug|Any CPU
		{3212755A-5D15-4F91-B205-C13963B02CC3}.Debug|x86.ActiveCfg = Debug|Any CPU
		{3212755A-5D15-4F91-B205-C13963B02CC3}.Debug|x86.Build.0 = Debug|Any CPU
		{3212755A-5D15-4F91-B205-C13963B02CC3}.Release|Any CPU.ActiveCfg = Release|Any CPU
		{3212755A-5D15-4F91-B205-C13963B02CC3}.Release|Any CPU.Build.0 = Release|Any CPU
		{3212755A-5D15-4F91-B205-C13963B02CC3}.Release|x64.ActiveCfg = Release|Any CPU
		{3212755A-5D15-4F91-B205-C13963B02CC3}.Release|x64.Build.0 = Release|Any CPU
		{3212755A-5D15-4F91-B205-C13963B02CC3}.Release|x86.ActiveCfg = Release|Any CPU
		{3212755A-5D15-4F91-B205-C13963B02CC3}.Release|x86.Build.0 = Release|Any CPU
		{D5189AA4-C816-4660-AC17-CE52B21241CC}.Debug|Any CPU.ActiveCfg = Debug|Any CPU
		{D5189AA4-C816-4660-AC17-CE52B21241CC}.Debug|Any CPU.Build.0 = Debug|Any CPU
		{D5189AA4-C816-4660-AC17-CE52B21241CC}.Debug|x64.ActiveCfg = Debug|Any CPU
		{D5189AA4-C816-4660-AC17-CE52B21241CC}.Debug|x64.Build.0 = Debug|Any CPU
		{D5189AA4-C816-4660-AC17-CE52B21241CC}.Debug|x86.ActiveCfg = Debug|Any CPU
		{D5189AA4-C816-4660-AC17-CE52B21241CC}.Debug|x86.Build.0 = Debug|Any CPU
		{D5189AA4-C816-4660-AC17-CE52B21241CC}.Release|Any CPU.ActiveCfg = Release|Any CPU
		{D5189AA4-C816-4660-AC17-CE52B21241CC}.Release|Any CPU.Build.0 = Release|Any CPU
		{D5189AA4-C816-4660-AC17-CE52B21241CC}.Release|x64.ActiveCfg = Release|Any CPU
		{D5189AA4-C816-4660-AC17-CE52B21241CC}.Release|x64.Build.0 = Release|Any CPU
		{D5189AA4-C816-4660-AC17-CE52B21241CC}.Release|x86.ActiveCfg = Release|Any CPU
		{D5189AA4-C816-4660-AC17-CE52B21241CC}.Release|x86.Build.0 = Release|Any CPU
	EndGlobalSection
EndGlobal
